// !$*UTF8*$!
{
	archiveVersion = 1;
	classes = {
	};
	objectVersion = 50;
	objects = {

/* Begin PBXBuildFile section */
		339743D42230B3AB00ABEF92 /* ZSModel.m in Sources */ = {isa = PBXBuildFile; fileRef = 339743D32230B3AB00ABEF92 /* ZSModel.m */; };
		339743D52230B3AB00ABEF92 /* ZSModel.h in CopyFiles */ = {isa = PBXBuildFile; fileRef = 339743D22230B3AB00ABEF92 /* ZSModel.h */; };
		339743F12230BD2300ABEF92 /* ClassNames_BaseModel.m in Sources */ = {isa = PBXBuildFile; fileRef = 339743F02230BD2300ABEF92 /* ClassNames_BaseModel.m */; };
/* End PBXBuildFile section */

/* Begin PBXCopyFilesBuildPhase section */
		339743CD2230B3AB00ABEF92 /* CopyFiles */ = {
			isa = PBXCopyFilesBuildPhase;
			buildActionMask = 2147483647;
			dstPath = "include/$(PRODUCT_NAME)";
			dstSubfolderSpec = 16;
			files = (
				339743D52230B3AB00ABEF92 /* ZSModel.h in CopyFiles */,
			);
			runOnlyForDeploymentPostprocessing = 0;
		};
/* End PBXCopyFilesBuildPhase section */

/* Begin PBXFileReference section */
		339743CF2230B3AB00ABEF92 /* libZSModel.a */ = {isa = PBXFileReference; explicitFileType = archive.ar; includeInIndex = 0; path = libZSModel.a; sourceTree = BUILT_PRODUCTS_DIR; };
		339743D22230B3AB00ABEF92 /* ZSModel.h */ = {isa = PBXFileReference; lastKnownFileType = sourcecode.c.h; path = ZSModel.h; sourceTree = "<group>"; };
		339743D32230B3AB00ABEF92 /* ZSModel.m */ = {isa = PBXFileReference; lastKnownFileType = sourcecode.c.objc; path = ZSModel.m; sourceTree = "<group>"; };
		339743EF2230BD2300ABEF92 /* ClassNames_BaseModel.h */ = {isa = PBXFileReference; lastKnownFileType = sourcecode.c.h; path = ClassNames_BaseModel.h; sourceTree = "<group>"; };
		339743F02230BD2300ABEF92 /* ClassNames_BaseModel.m */ = {isa = PBXFileReference; lastKnownFileType = sourcecode.c.objc; path = ClassNames_BaseModel.m; sourceTree = "<group>"; };
/* End PBXFileReference section */

/* Begin PBXFrameworksBuildPhase section */
		339743CC2230B3AB00ABEF92 /* Frameworks */ = {
			isa = PBXFrameworksBuildPhase;
			buildActionMask = 2147483647;
			files = (
			);
			runOnlyForDeploymentPostprocessing = 0;
		};
/* End PBXFrameworksBuildPhase section */

/* Begin PBXGroup section */
		339743C62230B3AB00ABEF92 = {
			isa = PBXGroup;
			children = (
				339743D12230B3AB00ABEF92 /* ZSModel */,
				339743D02230B3AB00ABEF92 /* Products */,
			);
			sourceTree = "<group>";
		};
		339743D02230B3AB00ABEF92 /* Products */ = {
			isa = PBXGroup;
			children = (
				339743CF2230B3AB00ABEF92 /* libZSModel.a */,
			);
			name = Products;
			sourceTree = "<group>";
		};
		339743D12230B3AB00ABEF92 /* ZSModel */ = {
			isa = PBXGroup;
			children = (
				339743D22230B3AB00ABEF92 /* ZSModel.h */,
				339743D32230B3AB00ABEF92 /* ZSModel.m */,
				339743EE2230BCA300ABEF92 /* AppStore */,
				339743ED2230BC9B00ABEF92 /* Order */,
				339743EC2230BC9400ABEF92 /* UpdateUserLogin */,
				339743EB2230BC7500ABEF92 /* UpdateRole */,
				339743EA2230BC6C00ABEF92 /* FindBackPassword */,
				339743E92230BC6200ABEF92 /* ResetPassword */,
				339743E82230BBC200ABEF92 /* Login */,
				339743E72230BBBB00ABEF92 /* Register */,
				339743E62230BBB300ABEF92 /* Visitor */,
				339743E52230BB8000ABEF92 /* RegistDevice */,
				339743E42230B6B200ABEF92 /* GameInit */,
				339743E32230B6A400ABEF92 /* Base */,
			);
			path = ZSModel;
			sourceTree = "<group>";
		};
		339743E32230B6A400ABEF92 /* Base */ = {
			isa = PBXGroup;
			children = (
				339743EF2230BD2300ABEF92 /* ClassNames_BaseModel.h */,
				339743F02230BD2300ABEF92 /* ClassNames_BaseModel.m */,
			);
			name = Base;
			sourceTree = "<group>";
		};
		339743E42230B6B200ABEF92 /* GameInit */ = {
			isa = PBXGroup;
			children = (
			);
			name = GameInit;
			sourceTree = "<group>";
		};
		339743E52230BB8000ABEF92 /* RegistDevice */ = {
			isa = PBXGroup;
			children = (
			);
			name = RegistDevice;
			sourceTree = "<group>";
		};
		339743E62230BBB300ABEF92 /* Visitor */ = {
			isa = PBXGroup;
			children = (
			);
			name = Visitor;
			sourceTree = "<group>";
		};
		339743E72230BBBB00ABEF92 /* Register */ = {
			isa = PBXGroup;
			children = (
			);
			name = Register;
			sourceTree = "<group>";
		};
		339743E82230BBC200ABEF92 /* Login */ = {
			isa = PBXGroup;
			children = (
			);
			name = Login;
			sourceTree = "<group>";
		};
		339743E92230BC6200ABEF92 /* ResetPassword */ = {
			isa = PBXGroup;
			children = (
			);
			name = ResetPassword;
			sourceTree = "<group>";
		};
		339743EA2230BC6C00ABEF92 /* FindBackPassword */ = {
			isa = PBXGroup;
			children = (
			);
			name = FindBackPassword;
			sourceTree = "<group>";
		};
		339743EB2230BC7500ABEF92 /* UpdateRole */ = {
			isa = PBXGroup;
			children = (
			);
			name = UpdateRole;
			sourceTree = "<group>";
		};
		339743EC2230BC9400ABEF92 /* UpdateUserLogin */ = {
			isa = PBXGroup;
			children = (
			);
			name = UpdateUserLogin;
			sourceTree = "<group>";
		};
		339743ED2230BC9B00ABEF92 /* Order */ = {
			isa = PBXGroup;
			children = (
			);
			name = Order;
			sourceTree = "<group>";
		};
		339743EE2230BCA300ABEF92 /* AppStore */ = {
			isa = PBXGroup;
			children = (
			);
			name = AppStore;
			sourceTree = "<group>";
		};
/* End PBXGroup section */

/* Begin PBXNativeTarget section */
		339743CE2230B3AB00ABEF92 /* ZSModel */ = {
			isa = PBXNativeTarget;
			buildConfigurationList = 339743D82230B3AB00ABEF92 /* Build configuration list for PBXNativeTarget "ZSModel" */;
			buildPhases = (
				339743CB2230B3AB00ABEF92 /* Sources */,
				339743CC2230B3AB00ABEF92 /* Frameworks */,
				339743CD2230B3AB00ABEF92 /* CopyFiles */,
			);
			buildRules = (
			);
			dependencies = (
			);
			name = ZSModel;
			productName = ZSModel;
			productReference = 339743CF2230B3AB00ABEF92 /* libZSModel.a */;
			productType = "com.apple.product-type.library.static";
		};
/* End PBXNativeTarget section */

/* Begin PBXProject section */
		339743C72230B3AB00ABEF92 /* Project object */ = {
			isa = PBXProject;
			attributes = {
				LastUpgradeCheck = 1010;
				ORGANIZATIONNAME = wo;
				TargetAttributes = {
					339743CE2230B3AB00ABEF92 = {
						CreatedOnToolsVersion = 10.1;
					};
				};
			};
			buildConfigurationList = 339743CA2230B3AB00ABEF92 /* Build configuration list for PBXProject "ZSModel" */;
			compatibilityVersion = "Xcode 9.3";
			developmentRegion = en;
			hasScannedForEncodings = 0;
			knownRegions = (
				en,
			);
			mainGroup = 339743C62230B3AB00ABEF92;
			productRefGroup = 339743D02230B3AB00ABEF92 /* Products */;
			projectDirPath = "";
			projectRoot = "";
			targets = (
				339743CE2230B3AB00ABEF92 /* ZSModel */,
			);
		};
/* End PBXProject section */

/* Begin PBXSourcesBuildPhase section */
		339743CB2230B3AB00ABEF92 /* Sources */ = {
			isa = PBXSourcesBuildPhase;
			buildActionMask = 2147483647;
			files = (
				339743F12230BD2300ABEF92 /* ClassNames_BaseModel.m in Sources */,
				339743D42230B3AB00ABEF92 /* ZSModel.m in Sources */,
			);
			runOnlyForDeploymentPostprocessing = 0;
		};
/* End PBXSourcesBuildPhase section */

/* Begin XCBuildConfiguration section */
		339743D62230B3AB00ABEF92 /* Debug */ = {
			isa = XCBuildConfiguration;
			buildSettings = {
				ALWAYS_SEARCH_USER_PATHS = NO;
				CLANG_ANALYZER_NONNULL = YES;
				CLANG_ANALYZER_NUMBER_OBJECT_CONVERSION = YES_AGGRESSIVE;
				CLANG_CXX_LANGUAGE_STANDARD = "gnu++14";
				CLANG_CXX_LIBRARY = "libc++";
				CLANG_ENABLE_MODULES = YES;
				CLANG_ENABLE_OBJC_ARC = YES;
				CLANG_ENABLE_OBJC_WEAK = YES;
				CLANG_WARN_BLOCK_CAPTURE_AUTORELEASING = YES;
				CLANG_WARN_BOOL_CONVERSION = YES;
				CLANG_WARN_COMMA = YES;
				CLANG_WARN_CONSTANT_CONVERSION = YES;
				CLANG_WARN_DEPRECATED_OBJC_IMPLEMENTATIONS = YES;
				CLANG_WARN_DIRECT_OBJC_ISA_USAGE = YES_ERROR;
				CLANG_WARN_DOCUMENTATION_COMMENTS = YES;
				CLANG_WARN_EMPTY_BODY = YES;
				CLANG_WARN_ENUM_CONVERSION = YES;
				CLANG_WARN_INFINITE_RECURSION = YES;
				CLANG_WARN_INT_CONVERSION = YES;
				CLANG_WARN_NON_LITERAL_NULL_CONVERSION = YES;
				CLANG_WARN_OBJC_IMPLICIT_RETAIN_SELF = YES;
				CLANG_WARN_OBJC_LITERAL_CONVERSION = YES;
				CLANG_WARN_OBJC_ROOT_CLASS = YES_ERROR;
				CLANG_WARN_RANGE_LOOP_ANALYSIS = YES;
				CLANG_WARN_STRICT_PROTOTYPES = YES;
				CLANG_WARN_SUSPICIOUS_MOVE = YES;
				CLANG_WARN_UNGUARDED_AVAILABILITY = YES_AGGRESSIVE;
				CLANG_WARN_UNREACHABLE_CODE = YES;
				CLANG_WARN__DUPLICATE_METHOD_MATCH = YES;
				CODE_SIGN_IDENTITY = "iPhone Developer";
				COPY_PHASE_STRIP = NO;
				DEBUG_INFORMATION_FORMAT = dwarf;
				ENABLE_STRICT_OBJC_MSGSEND = YES;
				ENABLE_TESTABILITY = YES;
				GCC_C_LANGUAGE_STANDARD = gnu11;
				GCC_DYNAMIC_NO_PIC = NO;
				GCC_NO_COMMON_BLOCKS = YES;
				GCC_OPTIMIZATION_LEVEL = 0;
				GCC_PREPROCESSOR_DEFINITIONS = (
					"DEBUG=1",
					"$(inherited)",
				);
				GCC_WARN_64_TO_32_BIT_CONVERSION = YES;
				GCC_WARN_ABOUT_RETURN_TYPE = YES_ERROR;
				GCC_WARN_UNDECLARED_SELECTOR = YES;
				GCC_WARN_UNINITIALIZED_AUTOS = YES_AGGRESSIVE;
				GCC_WARN_UNUSED_FUNCTION = YES;
				GCC_WARN_UNUSED_VARIABLE = YES;
				IPHONEOS_DEPLOYMENT_TARGET = 8.0;
				MTL_ENABLE_DEBUG_INFO = INCLUDE_SOURCE;
				MTL_FAST_MATH = YES;
				ONLY_ACTIVE_ARCH = YES;
				SDKROOT = iphoneos;
			};
			name = Debug;
		};
		339743D72230B3AB00ABEF92 /* Release */ = {
			isa = XCBuildConfiguration;
			buildSettings = {
				ALWAYS_SEARCH_USER_PATHS = NO;
				CLANG_ANALYZER_NONNULL = YES;
				CLANG_ANALYZER_NUMBER_OBJECT_CONVERSION = YES_AGGRESSIVE;
				CLANG_CXX_LANGUAGE_STANDARD = "gnu++14";
				CLANG_CXX_LIBRARY = "libc++";
				CLANG_ENABLE_MODULES = YES;
				CLANG_ENABLE_OBJC_ARC = YES;
				CLANG_ENABLE_OBJC_WEAK = YES;
				CLANG_WARN_BLOCK_CAPTURE_AUTORELEASING = YES;
				CLANG_WARN_BOOL_CONVERSION = YES;
				CLANG_WARN_COMMA = YES;
				CLANG_WARN_CONSTANT_CONVERSION = YES;
				CLANG_WARN_DEPRECATED_OBJC_IMPLEMENTATIONS = YES;
				CLANG_WARN_DIRECT_OBJC_ISA_USAGE = YES_ERROR;
				CLANG_WARN_DOCUMENTATION_COMMENTS = YES;
				CLANG_WARN_EMPTY_BODY = YES;
				CLANG_WARN_ENUM_CONVERSION = YES;
				CLANG_WARN_INFINITE_RECURSION = YES;
				CLANG_WARN_INT_CONVERSION = YES;
				CLANG_WARN_NON_LITERAL_NULL_CONVERSION = YES;
				CLANG_WARN_OBJC_IMPLICIT_RETAIN_SELF = YES;
				CLANG_WARN_OBJC_LITERAL_CONVERSION = YES;
				CLANG_WARN_OBJC_ROOT_CLASS = YES_ERROR;
				CLANG_WARN_RANGE_LOOP_ANALYSIS = YES;
				CLANG_WARN_STRICT_PROTOTYPES = YES;
				CLANG_WARN_SUSPICIOUS_MOVE = YES;
				CLANG_WARN_UNGUARDED_AVAILABILITY = YES_AGGRESSIVE;
				CLANG_WARN_UNREACHABLE_CODE = YES;
				CLANG_WARN__DUPLICATE_METHOD_MATCH = YES;
				CODE_SIGN_IDENTITY = "iPhone Developer";
				COPY_PHASE_STRIP = NO;
				DEBUG_INFORMATION_FORMAT = "dwarf-with-dsym";
				ENABLE_NS_ASSERTIONS = NO;
				ENABLE_STRICT_OBJC_MSGSEND = YES;
				GCC_C_LANGUAGE_STANDARD = gnu11;
				GCC_NO_COMMON_BLOCKS = YES;
				GCC_WARN_64_TO_32_BIT_CONVERSION = YES;
				GCC_WARN_ABOUT_RETURN_TYPE = YES_ERROR;
				GCC_WARN_UNDECLARED_SELECTOR = YES;
				GCC_WARN_UNINITIALIZED_AUTOS = YES_AGGRESSIVE;
				GCC_WARN_UNUSED_FUNCTION = YES;
				GCC_WARN_UNUSED_VARIABLE = YES;
				IPHONEOS_DEPLOYMENT_TARGET = 8.0;
				MTL_ENABLE_DEBUG_INFO = NO;
				MTL_FAST_MATH = YES;
				SDKROOT = iphoneos;
				VALIDATE_PRODUCT = YES;
			};
			name = Release;
		};
		339743D92230B3AB00ABEF92 /* Debug */ = {
			isa = XCBuildConfiguration;
			buildSettings = {
				CODE_SIGN_STYLE = Automatic;
				OTHER_LDFLAGS = "-ObjC";
				PRODUCT_NAME = "$(TARGET_NAME)";
				SKIP_INSTALL = YES;
				TARGETED_DEVICE_FAMILY = "1,2";
			};
			name = Debug;
		};
		339743DA2230B3AB00ABEF92 /* Release */ = {
			isa = XCBuildConfiguration;
			buildSettings = {
				CODE_SIGN_STYLE = Automatic;
				OTHER_LDFLAGS = "-ObjC";
				PRODUCT_NAME = "$(TARGET_NAME)";
				SKIP_INSTALL = YES;
				TARGETED_DEVICE_FAMILY = "1,2";
			};
			name = Release;
		};
/* End XCBuildConfiguration section */

/* Begin XCConfigurationList section */
		339743CA2230B3AB00ABEF92 /* Build configuration list for PBXProject "ZSModel" */ = {
			isa = XCConfigurationList;
			buildConfigurations = (
				339743D62230B3AB00ABEF92 /* Debug */,
				339743D72230B3AB00ABEF92 /* Release */,
			);
			defaultConfigurationIsVisible = 0;
			defaultConfigurationName = Release;
		};
		339743D82230B3AB00ABEF92 /* Build configuration list for PBXNativeTarget "ZSModel" */ = {
			isa = XCConfigurationList;
			buildConfigurations = (
				339743D92230B3AB00ABEF92 /* Debug */,
				339743DA2230B3AB00ABEF92 /* Release */,
			);
			defaultConfigurationIsVisible = 0;
			defaultConfigurationName = Release;
		};
/* End XCConfigurationList section */
	};
	rootObject = 339743C72230B3AB00ABEF92 /* Project object */;
}
