// !$*UTF8*$!
{
	archiveVersion = 1;
	classes = {
	};
	objectVersion = 50;
	objects = {

/* Begin PBXBuildFile section */
		339743B92230B37700ABEF92 /* ZSTool.m in Sources */ = {isa = PBXBuildFile; fileRef = 339743B82230B37700ABEF92 /* ZSTool.m */; };
		339743BA2230B37700ABEF92 /* ZSTool.h in CopyFiles */ = {isa = PBXBuildFile; fileRef = 339743B72230B37700ABEF92 /* ZSTool.h */; };
		3397440E2230F13700ABEF92 /* ClassNames_URLSessionManager.m in Sources */ = {isa = PBXBuildFile; fileRef = 339744092230F13700ABEF92 /* ClassNames_URLSessionManager.m */; };
		3397440F2230F13700ABEF92 /* ClassNames_URLSessionConfigure.m in Sources */ = {isa = PBXBuildFile; fileRef = 3397440A2230F13700ABEF92 /* ClassNames_URLSessionConfigure.m */; };
		339744282231266700ABEF92 /* ClassNames_BaseViewLayout.m in Sources */ = {isa = PBXBuildFile; fileRef = 339744262231266700ABEF92 /* ClassNames_BaseViewLayout.m */; };
/* End PBXBuildFile section */

/* Begin PBXCopyFilesBuildPhase section */
		339743B22230B37700ABEF92 /* CopyFiles */ = {
			isa = PBXCopyFilesBuildPhase;
			buildActionMask = 2147483647;
			dstPath = "include/$(PRODUCT_NAME)";
			dstSubfolderSpec = 16;
			files = (
				339743BA2230B37700ABEF92 /* ZSTool.h in CopyFiles */,
			);
			runOnlyForDeploymentPostprocessing = 0;
		};
/* End PBXCopyFilesBuildPhase section */

/* Begin PBXFileReference section */
		339743B42230B37700ABEF92 /* libZSTool.a */ = {isa = PBXFileReference; explicitFileType = archive.ar; includeInIndex = 0; path = libZSTool.a; sourceTree = BUILT_PRODUCTS_DIR; };
		339743B72230B37700ABEF92 /* ZSTool.h */ = {isa = PBXFileReference; lastKnownFileType = sourcecode.c.h; path = ZSTool.h; sourceTree = "<group>"; };
		339743B82230B37700ABEF92 /* ZSTool.m */ = {isa = PBXFileReference; lastKnownFileType = sourcecode.c.objc; path = ZSTool.m; sourceTree = "<group>"; };
		339744092230F13700ABEF92 /* ClassNames_URLSessionManager.m */ = {isa = PBXFileReference; fileEncoding = 4; lastKnownFileType = sourcecode.c.objc; path = ClassNames_URLSessionManager.m; sourceTree = "<group>"; };
		3397440A2230F13700ABEF92 /* ClassNames_URLSessionConfigure.m */ = {isa = PBXFileReference; fileEncoding = 4; lastKnownFileType = sourcecode.c.objc; path = ClassNames_URLSessionConfigure.m; sourceTree = "<group>"; };
		3397440B2230F13700ABEF92 /* ClassNames_URLProtocol.h */ = {isa = PBXFileReference; fileEncoding = 4; lastKnownFileType = sourcecode.c.h; path = ClassNames_URLProtocol.h; sourceTree = "<group>"; };
		3397440C2230F13700ABEF92 /* ClassNames_URLSessionManager.h */ = {isa = PBXFileReference; fileEncoding = 4; lastKnownFileType = sourcecode.c.h; path = ClassNames_URLSessionManager.h; sourceTree = "<group>"; };
		3397440D2230F13700ABEF92 /* ClassNames_URLSessionConfigure.h */ = {isa = PBXFileReference; fileEncoding = 4; lastKnownFileType = sourcecode.c.h; path = ClassNames_URLSessionConfigure.h; sourceTree = "<group>"; };
		339744262231266700ABEF92 /* ClassNames_BaseViewLayout.m */ = {isa = PBXFileReference; fileEncoding = 4; lastKnownFileType = sourcecode.c.objc; path = ClassNames_BaseViewLayout.m; sourceTree = "<group>"; };
		339744272231266700ABEF92 /* ClassNames_BaseViewLayout.h */ = {isa = PBXFileReference; fileEncoding = 4; lastKnownFileType = sourcecode.c.h; path = ClassNames_BaseViewLayout.h; sourceTree = "<group>"; };
/* End PBXFileReference section */

/* Begin PBXFrameworksBuildPhase section */
		339743B12230B37700ABEF92 /* Frameworks */ = {
			isa = PBXFrameworksBuildPhase;
			buildActionMask = 2147483647;
			files = (
			);
			runOnlyForDeploymentPostprocessing = 0;
		};
/* End PBXFrameworksBuildPhase section */

/* Begin PBXGroup section */
		339743AB2230B37700ABEF92 = {
			isa = PBXGroup;
			children = (
				339743B62230B37700ABEF92 /* ZSTool */,
				339743B52230B37700ABEF92 /* Products */,
			);
			sourceTree = "<group>";
		};
		339743B52230B37700ABEF92 /* Products */ = {
			isa = PBXGroup;
			children = (
				339743B42230B37700ABEF92 /* libZSTool.a */,
			);
			name = Products;
			sourceTree = "<group>";
		};
		339743B62230B37700ABEF92 /* ZSTool */ = {
			isa = PBXGroup;
			children = (
				339743B72230B37700ABEF92 /* ZSTool.h */,
				339743B82230B37700ABEF92 /* ZSTool.m */,
				339744252231264900ABEF92 /* VIewLayout */,
				339744102230F14300ABEF92 /* URLSession */,
			);
			path = ZSTool;
			sourceTree = "<group>";
		};
		339744102230F14300ABEF92 /* URLSession */ = {
			isa = PBXGroup;
			children = (
				3397440B2230F13700ABEF92 /* ClassNames_URLProtocol.h */,
				3397440D2230F13700ABEF92 /* ClassNames_URLSessionConfigure.h */,
				3397440A2230F13700ABEF92 /* ClassNames_URLSessionConfigure.m */,
				3397440C2230F13700ABEF92 /* ClassNames_URLSessionManager.h */,
				339744092230F13700ABEF92 /* ClassNames_URLSessionManager.m */,
			);
			name = URLSession;
			sourceTree = "<group>";
		};
		339744252231264900ABEF92 /* VIewLayout */ = {
			isa = PBXGroup;
			children = (
				339744272231266700ABEF92 /* ClassNames_BaseViewLayout.h */,
				339744262231266700ABEF92 /* ClassNames_BaseViewLayout.m */,
			);
			name = VIewLayout;
			sourceTree = "<group>";
		};
/* End PBXGroup section */

/* Begin PBXNativeTarget section */
		339743B32230B37700ABEF92 /* ZSTool */ = {
			isa = PBXNativeTarget;
			buildConfigurationList = 339743BD2230B37700ABEF92 /* Build configuration list for PBXNativeTarget "ZSTool" */;
			buildPhases = (
				339743B02230B37700ABEF92 /* Sources */,
				339743B12230B37700ABEF92 /* Frameworks */,
				339743B22230B37700ABEF92 /* CopyFiles */,
			);
			buildRules = (
			);
			dependencies = (
			);
			name = ZSTool;
			productName = ZSTool;
			productReference = 339743B42230B37700ABEF92 /* libZSTool.a */;
			productType = "com.apple.product-type.library.static";
		};
/* End PBXNativeTarget section */

/* Begin PBXProject section */
		339743AC2230B37700ABEF92 /* Project object */ = {
			isa = PBXProject;
			attributes = {
				LastUpgradeCheck = 1010;
				ORGANIZATIONNAME = wo;
				TargetAttributes = {
					339743B32230B37700ABEF92 = {
						CreatedOnToolsVersion = 10.1;
					};
				};
			};
			buildConfigurationList = 339743AF2230B37700ABEF92 /* Build configuration list for PBXProject "ZSTool" */;
			compatibilityVersion = "Xcode 9.3";
			developmentRegion = en;
			hasScannedForEncodings = 0;
			knownRegions = (
				en,
			);
			mainGroup = 339743AB2230B37700ABEF92;
			productRefGroup = 339743B52230B37700ABEF92 /* Products */;
			projectDirPath = "";
			projectRoot = "";
			targets = (
				339743B32230B37700ABEF92 /* ZSTool */,
			);
		};
/* End PBXProject section */

/* Begin PBXSourcesBuildPhase section */
		339743B02230B37700ABEF92 /* Sources */ = {
			isa = PBXSourcesBuildPhase;
			buildActionMask = 2147483647;
			files = (
				3397440E2230F13700ABEF92 /* ClassNames_URLSessionManager.m in Sources */,
				339743B92230B37700ABEF92 /* ZSTool.m in Sources */,
				3397440F2230F13700ABEF92 /* ClassNames_URLSessionConfigure.m in Sources */,
				339744282231266700ABEF92 /* ClassNames_BaseViewLayout.m in Sources */,
			);
			runOnlyForDeploymentPostprocessing = 0;
		};
/* End PBXSourcesBuildPhase section */

/* Begin XCBuildConfiguration section */
		339743BB2230B37700ABEF92 /* Debug */ = {
			isa = XCBuildConfiguration;
			buildSettings = {
				ALWAYS_SEARCH_USER_PATHS = NO;
				CLANG_ANALYZER_NONNULL = YES;
				CLANG_ANALYZER_NUMBER_OBJECT_CONVERSION = YES_AGGRESSIVE;
				CLANG_CXX_LANGUAGE_STANDARD = "gnu++14";
				CLANG_CXX_LIBRARY = "libc++";
				CLANG_ENABLE_MODULES = YES;
				CLANG_ENABLE_OBJC_ARC = YES;
				CLANG_ENABLE_OBJC_WEAK = YES;
				CLANG_WARN_BLOCK_CAPTURE_AUTORELEASING = YES;
				CLANG_WARN_BOOL_CONVERSION = YES;
				CLANG_WARN_COMMA = YES;
				CLANG_WARN_CONSTANT_CONVERSION = YES;
				CLANG_WARN_DEPRECATED_OBJC_IMPLEMENTATIONS = YES;
				CLANG_WARN_DIRECT_OBJC_ISA_USAGE = YES_ERROR;
				CLANG_WARN_DOCUMENTATION_COMMENTS = YES;
				CLANG_WARN_EMPTY_BODY = YES;
				CLANG_WARN_ENUM_CONVERSION = YES;
				CLANG_WARN_INFINITE_RECURSION = YES;
				CLANG_WARN_INT_CONVERSION = YES;
				CLANG_WARN_NON_LITERAL_NULL_CONVERSION = YES;
				CLANG_WARN_OBJC_IMPLICIT_RETAIN_SELF = YES;
				CLANG_WARN_OBJC_LITERAL_CONVERSION = YES;
				CLANG_WARN_OBJC_ROOT_CLASS = YES_ERROR;
				CLANG_WARN_RANGE_LOOP_ANALYSIS = YES;
				CLANG_WARN_STRICT_PROTOTYPES = YES;
				CLANG_WARN_SUSPICIOUS_MOVE = YES;
				CLANG_WARN_UNGUARDED_AVAILABILITY = YES_AGGRESSIVE;
				CLANG_WARN_UNREACHABLE_CODE = YES;
				CLANG_WARN__DUPLICATE_METHOD_MATCH = YES;
				CODE_SIGN_IDENTITY = "iPhone Developer";
				COPY_PHASE_STRIP = NO;
				DEBUG_INFORMATION_FORMAT = dwarf;
				ENABLE_STRICT_OBJC_MSGSEND = YES;
				ENABLE_TESTABILITY = YES;
				GCC_C_LANGUAGE_STANDARD = gnu11;
				GCC_DYNAMIC_NO_PIC = NO;
				GCC_NO_COMMON_BLOCKS = YES;
				GCC_OPTIMIZATION_LEVEL = 0;
				GCC_PREPROCESSOR_DEFINITIONS = (
					"DEBUG=1",
					"$(inherited)",
				);
				GCC_WARN_64_TO_32_BIT_CONVERSION = YES;
				GCC_WARN_ABOUT_RETURN_TYPE = YES_ERROR;
				GCC_WARN_UNDECLARED_SELECTOR = YES;
				GCC_WARN_UNINITIALIZED_AUTOS = YES_AGGRESSIVE;
				GCC_WARN_UNUSED_FUNCTION = YES;
				GCC_WARN_UNUSED_VARIABLE = YES;
				IPHONEOS_DEPLOYMENT_TARGET = 8.0;
				MTL_ENABLE_DEBUG_INFO = INCLUDE_SOURCE;
				MTL_FAST_MATH = YES;
				ONLY_ACTIVE_ARCH = YES;
				SDKROOT = iphoneos;
			};
			name = Debug;
		};
		339743BC2230B37700ABEF92 /* Release */ = {
			isa = XCBuildConfiguration;
			buildSettings = {
				ALWAYS_SEARCH_USER_PATHS = NO;
				CLANG_ANALYZER_NONNULL = YES;
				CLANG_ANALYZER_NUMBER_OBJECT_CONVERSION = YES_AGGRESSIVE;
				CLANG_CXX_LANGUAGE_STANDARD = "gnu++14";
				CLANG_CXX_LIBRARY = "libc++";
				CLANG_ENABLE_MODULES = YES;
				CLANG_ENABLE_OBJC_ARC = YES;
				CLANG_ENABLE_OBJC_WEAK = YES;
				CLANG_WARN_BLOCK_CAPTURE_AUTORELEASING = YES;
				CLANG_WARN_BOOL_CONVERSION = YES;
				CLANG_WARN_COMMA = YES;
				CLANG_WARN_CONSTANT_CONVERSION = YES;
				CLANG_WARN_DEPRECATED_OBJC_IMPLEMENTATIONS = YES;
				CLANG_WARN_DIRECT_OBJC_ISA_USAGE = YES_ERROR;
				CLANG_WARN_DOCUMENTATION_COMMENTS = YES;
				CLANG_WARN_EMPTY_BODY = YES;
				CLANG_WARN_ENUM_CONVERSION = YES;
				CLANG_WARN_INFINITE_RECURSION = YES;
				CLANG_WARN_INT_CONVERSION = YES;
				CLANG_WARN_NON_LITERAL_NULL_CONVERSION = YES;
				CLANG_WARN_OBJC_IMPLICIT_RETAIN_SELF = YES;
				CLANG_WARN_OBJC_LITERAL_CONVERSION = YES;
				CLANG_WARN_OBJC_ROOT_CLASS = YES_ERROR;
				CLANG_WARN_RANGE_LOOP_ANALYSIS = YES;
				CLANG_WARN_STRICT_PROTOTYPES = YES;
				CLANG_WARN_SUSPICIOUS_MOVE = YES;
				CLANG_WARN_UNGUARDED_AVAILABILITY = YES_AGGRESSIVE;
				CLANG_WARN_UNREACHABLE_CODE = YES;
				CLANG_WARN__DUPLICATE_METHOD_MATCH = YES;
				CODE_SIGN_IDENTITY = "iPhone Developer";
				COPY_PHASE_STRIP = NO;
				DEBUG_INFORMATION_FORMAT = "dwarf-with-dsym";
				ENABLE_NS_ASSERTIONS = NO;
				ENABLE_STRICT_OBJC_MSGSEND = YES;
				GCC_C_LANGUAGE_STANDARD = gnu11;
				GCC_NO_COMMON_BLOCKS = YES;
				GCC_WARN_64_TO_32_BIT_CONVERSION = YES;
				GCC_WARN_ABOUT_RETURN_TYPE = YES_ERROR;
				GCC_WARN_UNDECLARED_SELECTOR = YES;
				GCC_WARN_UNINITIALIZED_AUTOS = YES_AGGRESSIVE;
				GCC_WARN_UNUSED_FUNCTION = YES;
				GCC_WARN_UNUSED_VARIABLE = YES;
				IPHONEOS_DEPLOYMENT_TARGET = 8.0;
				MTL_ENABLE_DEBUG_INFO = NO;
				MTL_FAST_MATH = YES;
				SDKROOT = iphoneos;
				VALIDATE_PRODUCT = YES;
			};
			name = Release;
		};
		339743BE2230B37700ABEF92 /* Debug */ = {
			isa = XCBuildConfiguration;
			buildSettings = {
				CODE_SIGN_STYLE = Automatic;
				OTHER_LDFLAGS = "-ObjC";
				PRODUCT_NAME = "$(TARGET_NAME)";
				SKIP_INSTALL = YES;
				TARGETED_DEVICE_FAMILY = "1,2";
			};
			name = Debug;
		};
		339743BF2230B37700ABEF92 /* Release */ = {
			isa = XCBuildConfiguration;
			buildSettings = {
				CODE_SIGN_STYLE = Automatic;
				OTHER_LDFLAGS = "-ObjC";
				PRODUCT_NAME = "$(TARGET_NAME)";
				SKIP_INSTALL = YES;
				TARGETED_DEVICE_FAMILY = "1,2";
			};
			name = Release;
		};
/* End XCBuildConfiguration section */

/* Begin XCConfigurationList section */
		339743AF2230B37700ABEF92 /* Build configuration list for PBXProject "ZSTool" */ = {
			isa = XCConfigurationList;
			buildConfigurations = (
				339743BB2230B37700ABEF92 /* Debug */,
				339743BC2230B37700ABEF92 /* Release */,
			);
			defaultConfigurationIsVisible = 0;
			defaultConfigurationName = Release;
		};
		339743BD2230B37700ABEF92 /* Build configuration list for PBXNativeTarget "ZSTool" */ = {
			isa = XCConfigurationList;
			buildConfigurations = (
				339743BE2230B37700ABEF92 /* Debug */,
				339743BF2230B37700ABEF92 /* Release */,
			);
			defaultConfigurationIsVisible = 0;
			defaultConfigurationName = Release;
		};
/* End XCConfigurationList section */
	};
	rootObject = 339743AC2230B37700ABEF92 /* Project object */;
}
